
Microsoft Visual Studio Solution File, Format Version 12.00
# Visual Studio Version 17
VisualStudioVersion = 17.7.34031.279
MinimumVisualStudioVersion = 10.0.40219.1
Project("{888888A0-9F3D-457C-B088-3A5042F75D52}") = "number-guessing-game", "number-guessing-game.pyproj", "{39B595A4-8C62-42D4-9574-472B03F27963}"
EndProject
Global
	GlobalSection(SolutionConfigurationPlatforms) = preSolution
		Debug|Any CPU = Debug|Any CPU
		Release|Any CPU = Release|Any CPU
	EndGlobalSection
	GlobalSection(ProjectConfigurationPlatforms) = postSolution
		{39B595A4-8C62-42D4-9574-472B03F27963}.Debug|Any CPU.ActiveCfg = Debug|Any CPU
		{39B595A4-8C62-42D4-9574-472B03F27963}.Release|Any CPU.ActiveCfg = Release|Any CPU
	EndGlobalSection
	GlobalSection(SolutionProperties) = preSolution
		HideSolutionNode = FALSE
	EndGlobalSection
	GlobalSection(ExtensibilityGlobals) = postSolution
		SolutionGuid = {5A94A8AA-A1A6-43D4-AF33-1ADA2FEA3033}
	EndGlobalSection
EndGlobal
